<?xml version="1.0" encoding="utf-8"?>
<Project ToolsVersion="4.0" xmlns="http://schemas.microsoft.com/developer/msbuild/2003">
  <ItemGroup>
    <Filter Include="Source Files">
      <UniqueIdentifier>{4FC737F1-C7A5-4376-A066-2A32D752A2FF}</UniqueIdentifier>
      <Extensions>cpp;c;cc;cxx;def;odl;idl;hpj;bat;asm;asmx</Extensions>
    </Filter>
    <Filter Include="Header Files">
      <UniqueIdentifier>{93995380-89BD-4b04-88EB-625FBE52EBFB}</UniqueIdentifier>
      <Extensions>h;hh;hpp;hxx;hm;inl;inc;xsd</Extensions>
    </Filter>
    <Filter Include="Resource Files">
      <UniqueIdentifier>{67DA6AB6-F800-4c08-8B7A-83BB121AAD01}</UniqueIdentifier>
      <Extensions>rc;ico;cur;bmp;dlg;rc2;rct;bin;rgs;gif;jpg;jpeg;jpe;resx;tiff;tif;png;wav</Extensions>
    </Filter>
  </ItemGroup>
  <ItemGroup>
    <ClCompile Include="src\app_main.c">
      <Filter>Source Files</Filter>
    </ClCompile>
    <ClCompile Include="src\image_shake.c">
      <Filter>Source Files</Filter>
    </ClCompile>
    <ClCompile Include="src\window_finding.c">
      <Filter>Source Files</Filter>
    </ClCompile>
    <ClCompile Include="src\window_main.c">
      <Filter>Source Files</Filter>
    </ClCompile>
    <ClCompile Include="src\custom_widgets\custom_widgets.c">
      <Filter>Source Files</Filter>
    </ClCompile>
    <ClCompile Include="src\custom_widgets\image_shake.c">
      <Filter>Source Files</Filter>
    </ClCompile>
    <ClCompile Include="src\custom_widgets\base\fifo.c">
      <Filter>Source Files</Filter>
    </ClCompile>
    <ClCompile Include="src\custom_widgets\chart\axis.c">
      <Filter>Source Files</Filter>
    </ClCompile>
    <ClCompile Include="src\custom_widgets\chart\axis_p.c">
      <Filter>Source Files</Filter>
    </ClCompile>
    <ClCompile Include="src\custom_widgets\chart\bar_series.c">
      <Filter>Source Files</Filter>
    </ClCompile>
    <ClCompile Include="src\custom_widgets\chart\chart_animator.c">
      <Filter>Source Files</Filter>
    </ClCompile>
    <ClCompile Include="src\custom_widgets\chart\chart_utils.c">
      <Filter>Source Files</Filter>
    </ClCompile>
    <ClCompile Include="src\custom_widgets\chart\chart_view.c">
      <Filter>Source Files</Filter>
    </ClCompile>
    <ClCompile Include="src\custom_widgets\chart\line_series.c">
      <Filter>Source Files</Filter>
    </ClCompile>
    <ClCompile Include="src\custom_widgets\chart\series.c">
      <Filter>Source Files</Filter>
    </ClCompile>
    <ClCompile Include="src\custom_widgets\chart\series_p.c">
      <Filter>Source Files</Filter>
    </ClCompile>
    <ClCompile Include="src\custom_widgets\chart\tooltip.c">
      <Filter>Source Files</Filter>
    </ClCompile>
    <ClCompile Include="src\custom_widgets\chart\x_axis.c">
      <Filter>Source Files</Filter>
    </ClCompile>
    <ClCompile Include="src\custom_widgets\chart\y_axis.c">
      <Filter>Source Files</Filter>
    </ClCompile>
    <ClCompile Include="src\custom_widgets\photo_frame\cover_view.c">
      <Filter>Source Files</Filter>
    </ClCompile>
    <ClCompile Include="src\custom_widgets\pie_slice\pie_slice.c">
      <Filter>Source Files</Filter>
    </ClCompile>
  </ItemGroup>
  <ItemGroup>
    <None Include="res\assets.inc">
      <Filter>Header Files</Filter>
    </None>
    <None Include="src\custom_widgets\base\wuxiaolin_draw_line.inc">
      <Filter>Header Files</Filter>
    </None>
    <None Include="design\default\styles\default.bin">
      <Filter>Resource Files</Filter>
    </None>
    <None Include="design\default\ui\finding\finding.bin">
      <Filter>Resource Files</Filter>
    </None>
    <None Include="design\default\ui\home_page\home_page.bin">
      <Filter>Resource Files</Filter>
    </None>
    <None Include="res\assets\default\raw\styles\default.bin">
      <Filter>Resource Files</Filter>
    </None>
    <None Include="res\assets\default\raw\ui\finding\finding.bin">
      <Filter>Resource Files</Filter>
    </None>
    <None Include="res\assets\default\raw\ui\home_page\home_page.bin">
      <Filter>Resource Files</Filter>
    </None>
  </ItemGroup>
  <ItemGroup>
    <ClInclude Include="src\image_shake.h">
      <Filter>Header Files</Filter>
    </ClInclude>
    <ClInclude Include="src\custom_widgets\custom_widgets.h">
      <Filter>Header Files</Filter>
    </ClInclude>
    <ClInclude Include="src\custom_widgets\image_shake.h">
      <Filter>Header Files</Filter>
    </ClInclude>
    <ClInclude Include="src\custom_widgets\base\fifo.h">
      <Filter>Header Files</Filter>
    </ClInclude>
    <ClInclude Include="src\custom_widgets\chart\axis.h">
      <Filter>Header Files</Filter>
    </ClInclude>
    <ClInclude Include="src\custom_widgets\chart\axis_p.h">
      <Filter>Header Files</Filter>
    </ClInclude>
    <ClInclude Include="src\custom_widgets\chart\axis_types.h">
      <Filter>Header Files</Filter>
    </ClInclude>
    <ClInclude Include="src\custom_widgets\chart\bar_series.h">
      <Filter>Header Files</Filter>
    </ClInclude>
    <ClInclude Include="src\custom_widgets\chart\chart_animator.h">
      <Filter>Header Files</Filter>
    </ClInclude>
    <ClInclude Include="src\custom_widgets\chart\chart_utils.h">
      <Filter>Header Files</Filter>
    </ClInclude>
    <ClInclude Include="src\custom_widgets\chart\chart_view.h">
      <Filter>Header Files</Filter>
    </ClInclude>
    <ClInclude Include="src\custom_widgets\chart\line_series.h">
      <Filter>Header Files</Filter>
    </ClInclude>
    <ClInclude Include="src\custom_widgets\chart\series.h">
      <Filter>Header Files</Filter>
    </ClInclude>
    <ClInclude Include="src\custom_widgets\chart\series_p.h">
      <Filter>Header Files</Filter>
    </ClInclude>
    <ClInclude Include="src\custom_widgets\chart\series_types.h">
      <Filter>Header Files</Filter>
    </ClInclude>
    <ClInclude Include="src\custom_widgets\chart\tooltip.h">
      <Filter>Header Files</Filter>
    </ClInclude>
    <ClInclude Include="src\custom_widgets\chart\tooltip_types.h">
      <Filter>Header Files</Filter>
    </ClInclude>
    <ClInclude Include="src\custom_widgets\chart\x_axis.h">
      <Filter>Header Files</Filter>
    </ClInclude>
    <ClInclude Include="src\custom_widgets\chart\y_axis.h">
      <Filter>Header Files</Filter>
    </ClInclude>
    <ClInclude Include="src\custom_widgets\photo_frame\cover_view.h">
      <Filter>Header Files</Filter>
    </ClInclude>
    <ClInclude Include="src\custom_widgets\pie_slice\pie_slice.h">
      <Filter>Header Files</Filter>
    </ClInclude>
  </ItemGroup>
</Project>